
Microsoft Visual Studio Solution File, Format Version 12.00
# Visual Studio Version 16
VisualStudioVersion = 16.0.29009.5
MinimumVisualStudioVersion = 10.0.40219.1
Project("{9A19103F-16F7-4668-BE54-9A1E7A4F7556}") = "DOLToolbox", "DOLToolbox\DOLToolbox.csproj", "{ACDB8CC4-BD41-4BF7-9E90-143E88B02425}"
EndProject
Global
	GlobalSection(SolutionConfigurationPlatforms) = preSolution
		Debug|Any CPU = Debug|Any CPU
		Debug|x86 = Debug|x86
		Release|Any CPU = Release|Any CPU
		Release|x86 = Release|x86
	EndGlobalSection
	GlobalSection(ProjectConfigurationPlatforms) = postSolution
		{ACDB8CC4-BD41-4BF7-9E90-143E88B02425}.Debug|Any CPU.ActiveCfg = Debug|Any CPU
		{ACDB8CC4-BD41-4BF7-9E90-143E88B02425}.Debug|Any CPU.Build.0 = Debug|Any CPU
		{ACDB8CC4-BD41-4BF7-9E90-143E88B02425}.Debug|x86.ActiveCfg = Debug|Any CPU
		{ACDB8CC4-BD41-4BF7-9E90-143E88B02425}.Debug|x86.Build.0 = Debug|Any CPU
		{ACDB8CC4-BD41-4BF7-9E90-143E88B02425}.Release|Any CPU.ActiveCfg = Release|Any CPU
		{ACDB8CC4-BD41-4BF7-9E90-143E88B02425}.Release|Any CPU.Build.0 = Release|Any CPU
		{ACDB8CC4-BD41-4BF7-9E90-143E88B02425}.Release|x86.ActiveCfg = Release|Any CPU
		{ACDB8CC4-BD41-4BF7-9E90-143E88B02425}.Release|x86.Build.0 = Release|Any CPU
	EndGlobalSection
	GlobalSection(SolutionProperties) = preSolution
		HideSolutionNode = FALSE
	EndGlobalSection
	GlobalSection(ExtensibilityGlobals) = postSolution
		SolutionGuid = {00AC6E77-1358-4B36-8B5F-89A7FE407E8B}
	EndGlobalSection
EndGlobal
