
Microsoft Visual Studio Solution File, Format Version 12.00
# Visual Studio 2012
Project("{FAE04EC0-301F-11D3-BF4B-00C04F79EFBC}") = "MannikToolbox", "MannikToolbox\MannikToolbox.csproj", "{ACDB8CC4-BD41-4BF7-9E90-143E88B02425}"
EndProject
Global
	GlobalSection(SolutionConfigurationPlatforms) = preSolution
		Debug|Any CPU = Debug|Any CPU
		Release|Any CPU = Release|Any CPU
	EndGlobalSection
	GlobalSection(ProjectConfigurationPlatforms) = postSolution
		{ACDB8CC4-BD41-4BF7-9E90-143E88B02425}.Debug|Any CPU.ActiveCfg = Debug|Any CPU
		{ACDB8CC4-BD41-4BF7-9E90-143E88B02425}.Debug|Any CPU.Build.0 = Debug|Any CPU
		{ACDB8CC4-BD41-4BF7-9E90-143E88B02425}.Release|Any CPU.ActiveCfg = Release|Any CPU
		{ACDB8CC4-BD41-4BF7-9E90-143E88B02425}.Release|Any CPU.Build.0 = Release|Any CPU
	EndGlobalSection
	GlobalSection(SolutionProperties) = preSolution
		HideSolutionNode = FALSE
	EndGlobalSection
EndGlobal
